
Microsoft Visual Studio Solution File, Format Version 12.00
# Visual Studio Version 16
VisualStudioVersion = 16.0.31911.196
MinimumVisualStudioVersion = 10.0.40219.1
Project("{151D2E53-A2C4-4D7D-83FE-D05416EBD58E}") = "ARM-Create-Windows-VM-With-chrome", "ARM-Create-Windows-VM-With-chrome\ARM-Create-Windows-VM-With-chrome.deployproj", "{4BF2A576-F15A-4C09-8D16-287EFE07A3A8}"
EndProject
Global
	GlobalSection(SolutionConfigurationPlatforms) = preSolution
		Debug|Any CPU = Debug|Any CPU
		Release|Any CPU = Release|Any CPU
	EndGlobalSection
	GlobalSection(ProjectConfigurationPlatforms) = postSolution
		{4BF2A576-F15A-4C09-8D16-287EFE07A3A8}.Debug|Any CPU.ActiveCfg = Debug|Any CPU
		{4BF2A576-F15A-4C09-8D16-287EFE07A3A8}.Debug|Any CPU.Build.0 = Debug|Any CPU
		{4BF2A576-F15A-4C09-8D16-287EFE07A3A8}.Release|Any CPU.ActiveCfg = Release|Any CPU
		{4BF2A576-F15A-4C09-8D16-287EFE07A3A8}.Release|Any CPU.Build.0 = Release|Any CPU
	EndGlobalSection
	GlobalSection(SolutionProperties) = preSolution
		HideSolutionNode = FALSE
	EndGlobalSection
	GlobalSection(ExtensibilityGlobals) = postSolution
		SolutionGuid = {E1F1EA5B-3676-4E86-91A8-F7FC43CF3B39}
	EndGlobalSection
EndGlobal
